
Microsoft Visual Studio Solution File, Format Version 12.00
# Visual Studio 15
VisualStudioVersion = 15.0.27130.2024
MinimumVisualStudioVersion = 10.0.40219.1
Project("{9A19103F-16F7-4668-BE54-9A1E7A4F7556}") = "Web", "StudiousTelegramManager\Web.csproj", "{EE27A361-92FD-4491-B9C8-DD30D4E89055}"
EndProject
Project("{9A19103F-16F7-4668-BE54-9A1E7A4F7556}") = "ApplicationCore", "ApplicationCore\ApplicationCore.csproj", "{C60EB656-1DA1-472A-9C4E-F56701062DF1}"
EndProject
Project("{9A19103F-16F7-4668-BE54-9A1E7A4F7556}") = "Infrastructure", "Infrastructure\Infrastructure.csproj", "{8C77D5DD-61AF-4162-A6A5-2430A2469C71}"
EndProject
Global
	GlobalSection(SolutionConfigurationPlatforms) = preSolution
		Debug|Any CPU = Debug|Any CPU
		Release|Any CPU = Release|Any CPU
	EndGlobalSection
	GlobalSection(ProjectConfigurationPlatforms) = postSolution
		{EE27A361-92FD-4491-B9C8-DD30D4E89055}.Debug|Any CPU.ActiveCfg = Debug|Any CPU
		{EE27A361-92FD-4491-B9C8-DD30D4E89055}.Debug|Any CPU.Build.0 = Debug|Any CPU
		{EE27A361-92FD-4491-B9C8-DD30D4E89055}.Release|Any CPU.ActiveCfg = Release|Any CPU
		{EE27A361-92FD-4491-B9C8-DD30D4E89055}.Release|Any CPU.Build.0 = Release|Any CPU
		{C60EB656-1DA1-472A-9C4E-F56701062DF1}.Debug|Any CPU.ActiveCfg = Debug|Any CPU
		{C60EB656-1DA1-472A-9C4E-F56701062DF1}.Debug|Any CPU.Build.0 = Debug|Any CPU
		{C60EB656-1DA1-472A-9C4E-F56701062DF1}.Release|Any CPU.ActiveCfg = Release|Any CPU
		{C60EB656-1DA1-472A-9C4E-F56701062DF1}.Release|Any CPU.Build.0 = Release|Any CPU
		{8C77D5DD-61AF-4162-A6A5-2430A2469C71}.Debug|Any CPU.ActiveCfg = Debug|Any CPU
		{8C77D5DD-61AF-4162-A6A5-2430A2469C71}.Debug|Any CPU.Build.0 = Debug|Any CPU
		{8C77D5DD-61AF-4162-A6A5-2430A2469C71}.Release|Any CPU.ActiveCfg = Release|Any CPU
		{8C77D5DD-61AF-4162-A6A5-2430A2469C71}.Release|Any CPU.Build.0 = Release|Any CPU
	EndGlobalSection
	GlobalSection(SolutionProperties) = preSolution
		HideSolutionNode = FALSE
	EndGlobalSection
	GlobalSection(ExtensibilityGlobals) = postSolution
		SolutionGuid = {92F2B5F9-8B66-4D43-91B3-CE704188019E}
	EndGlobalSection
EndGlobal
